
Microsoft Visual Studio Solution File, Format Version 12.00
# Visual Studio Version 16
VisualStudioVersion = 16.0.30204.135
MinimumVisualStudioVersion = 10.0.40219.1
Project("{8BC9CEB8-8B4A-11D0-8D11-00A0C91BC942}") = "fraction2", "fraction2\fraction2.vcxproj", "{EC86784F-FE76-4E59-ABA2-79B6A728818D}"
EndProject
Global
	GlobalSection(SolutionConfigurationPlatforms) = preSolution
		Debug|x64 = Debug|x64
		Debug|x86 = Debug|x86
		Release|x64 = Release|x64
		Release|x86 = Release|x86
	EndGlobalSection
	GlobalSection(ProjectConfigurationPlatforms) = postSolution
		{EC86784F-FE76-4E59-ABA2-79B6A728818D}.Debug|x64.ActiveCfg = Debug|x64
		{EC86784F-FE76-4E59-ABA2-79B6A728818D}.Debug|x64.Build.0 = Debug|x64
		{EC86784F-FE76-4E59-ABA2-79B6A728818D}.Debug|x86.ActiveCfg = Debug|Win32
		{EC86784F-FE76-4E59-ABA2-79B6A728818D}.Debug|x86.Build.0 = Debug|Win32
		{EC86784F-FE76-4E59-ABA2-79B6A728818D}.Release|x64.ActiveCfg = Release|x64
		{EC86784F-FE76-4E59-ABA2-79B6A728818D}.Release|x64.Build.0 = Release|x64
		{EC86784F-FE76-4E59-ABA2-79B6A728818D}.Release|x86.ActiveCfg = Release|Win32
		{EC86784F-FE76-4E59-ABA2-79B6A728818D}.Release|x86.Build.0 = Release|Win32
	EndGlobalSection
	GlobalSection(SolutionProperties) = preSolution
		HideSolutionNode = FALSE
	EndGlobalSection
	GlobalSection(ExtensibilityGlobals) = postSolution
		SolutionGuid = {4C53DE5A-65E7-4832-BBD5-16A7C98AB530}
	EndGlobalSection
EndGlobal
